
Microsoft Visual Studio Solution File, Format Version 12.00
# Visual Studio Version 17
VisualStudioVersion = 17.14.36414.22 d17.14
MinimumVisualStudioVersion = 10.0.40219.1
Project("{FAE04EC0-301F-11D3-BF4B-00C04F79EFBC}") = "Arena Mistrzow", "Arena Mistrzow\Arena Mistrzow.csproj", "{EC866A7C-2A00-4EB4-9EE4-9B5376B34271}"
EndProject
Global
	GlobalSection(SolutionConfigurationPlatforms) = preSolution
		Debug|Any CPU = Debug|Any CPU
		Release|Any CPU = Release|Any CPU
	EndGlobalSection
	GlobalSection(ProjectConfigurationPlatforms) = postSolution
		{EC866A7C-2A00-4EB4-9EE4-9B5376B34271}.Debug|Any CPU.ActiveCfg = Debug|Any CPU
		{EC866A7C-2A00-4EB4-9EE4-9B5376B34271}.Debug|Any CPU.Build.0 = Debug|Any CPU
		{EC866A7C-2A00-4EB4-9EE4-9B5376B34271}.Release|Any CPU.ActiveCfg = Release|Any CPU
		{EC866A7C-2A00-4EB4-9EE4-9B5376B34271}.Release|Any CPU.Build.0 = Release|Any CPU
	EndGlobalSection
	GlobalSection(SolutionProperties) = preSolution
		HideSolutionNode = FALSE
	EndGlobalSection
	GlobalSection(ExtensibilityGlobals) = postSolution
		SolutionGuid = {2037BAA0-E677-4138-9B13-CE02FDBDD94A}
	EndGlobalSection
EndGlobal
